{
  "name": "emotionalgifs",
  "version": "1.0.0",
  "lockfileVersion": 2,
  "requires": true,
  "packages": {
    "": {
      "name": "emotionalgifs",
      "version": "1.0.0",
      "license": "ISC",
      "dependencies": {
        "parse-multipart": "^1.0.4"
      }
    },
    "node_modules/parse-multipart": {
      "version": "1.0.4",
      "resolved": "https://registry.npmjs.org/parse-multipart/-/parse-multipart-1.0.4.tgz",
      "integrity": "sha512-BQBmA/1qJzNnrPnRUzJhqGwbybsXa6Ot8vII5w+JT8gp2p7h9oWHwgAc29ohp669ZPzIy9izLi8ali9ngGmuAQ=="
    }
  },
  "dependencies": {
    "parse-multipart": {
      "version": "1.0.4",
      "resolved": "https://registry.npmjs.org/parse-multipart/-/parse-multipart-1.0.4.tgz",
      "integrity": "sha512-BQBmA/1qJzNnrPnRUzJhqGwbybsXa6Ot8vII5w+JT8gp2p7h9oWHwgAc29ohp669ZPzIy9izLi8ali9ngGmuAQ=="
    }
  }
}
